
Microsoft Visual Studio Solution File, Format Version 12.00
# Visual Studio 2012
Project("{FAE04EC0-301F-11D3-BF4B-00C04F79EFBC}") = "VisualizeGradeSystem", "VisualizeGradeSystem\VisualizeGradeSystem.csproj", "{9005B87E-BEAD-4234-9A3A-EEA8ABB84F54}"
EndProject
Global
	GlobalSection(SolutionConfigurationPlatforms) = preSolution
		Debug|Any CPU = Debug|Any CPU
		Release|Any CPU = Release|Any CPU
	EndGlobalSection
	GlobalSection(ProjectConfigurationPlatforms) = postSolution
		{9005B87E-BEAD-4234-9A3A-EEA8ABB84F54}.Debug|Any CPU.ActiveCfg = Debug|Any CPU
		{9005B87E-BEAD-4234-9A3A-EEA8ABB84F54}.Debug|Any CPU.Build.0 = Debug|Any CPU
		{9005B87E-BEAD-4234-9A3A-EEA8ABB84F54}.Release|Any CPU.ActiveCfg = Release|Any CPU
		{9005B87E-BEAD-4234-9A3A-EEA8ABB84F54}.Release|Any CPU.Build.0 = Release|Any CPU
	EndGlobalSection
	GlobalSection(SolutionProperties) = preSolution
		HideSolutionNode = FALSE
	EndGlobalSection
EndGlobal
